
Microsoft Visual Studio Solution File, Format Version 12.00
# Visual Studio Version 16
VisualStudioVersion = 16.0.29613.14
MinimumVisualStudioVersion = 10.0.40219.1
Project("{FAE04EC0-301F-11D3-BF4B-00C04F79EFBC}") = "MMR_Globals_Calculator", "MMR_Globals_Calculator\MMR_Globals_Calculator.csproj", "{CC499E22-548B-4250-B15F-63024D017D84}"
EndProject
Global
	GlobalSection(SolutionConfigurationPlatforms) = preSolution
		Debug|Any CPU = Debug|Any CPU
		Release|Any CPU = Release|Any CPU
	EndGlobalSection
	GlobalSection(ProjectConfigurationPlatforms) = postSolution
		{CC499E22-548B-4250-B15F-63024D017D84}.Debug|Any CPU.ActiveCfg = Debug|Any CPU
		{CC499E22-548B-4250-B15F-63024D017D84}.Debug|Any CPU.Build.0 = Debug|Any CPU
		{CC499E22-548B-4250-B15F-63024D017D84}.Release|Any CPU.ActiveCfg = Release|Any CPU
		{CC499E22-548B-4250-B15F-63024D017D84}.Release|Any CPU.Build.0 = Release|Any CPU
	EndGlobalSection
	GlobalSection(SolutionProperties) = preSolution
		HideSolutionNode = FALSE
	EndGlobalSection
	GlobalSection(ExtensibilityGlobals) = postSolution
		SolutionGuid = {D0952671-C255-4F85-BA55-72A0AF04627A}
	EndGlobalSection
EndGlobal
